
Microsoft Visual Studio Solution File, Format Version 12.00
# Visual Studio Version 17
VisualStudioVersion = 17.6.33829.357
MinimumVisualStudioVersion = 10.0.40219.1
Project("{9A19103F-16F7-4668-BE54-9A1E7A4F7556}") = "Moq.EntityFrameworkCore-33", "Moq.EntityFrameworkCore-33.csproj", "{C9FF2EF6-C6FF-4496-824D-09F93AA62DA7}"
EndProject
Global
	GlobalSection(SolutionConfigurationPlatforms) = preSolution
		Debug|Any CPU = Debug|Any CPU
		Release|Any CPU = Release|Any CPU
	EndGlobalSection
	GlobalSection(ProjectConfigurationPlatforms) = postSolution
		{C9FF2EF6-C6FF-4496-824D-09F93AA62DA7}.Debug|Any CPU.ActiveCfg = Debug|Any CPU
		{C9FF2EF6-C6FF-4496-824D-09F93AA62DA7}.Debug|Any CPU.Build.0 = Debug|Any CPU
		{C9FF2EF6-C6FF-4496-824D-09F93AA62DA7}.Release|Any CPU.ActiveCfg = Release|Any CPU
		{C9FF2EF6-C6FF-4496-824D-09F93AA62DA7}.Release|Any CPU.Build.0 = Release|Any CPU
	EndGlobalSection
	GlobalSection(SolutionProperties) = preSolution
		HideSolutionNode = FALSE
	EndGlobalSection
	GlobalSection(ExtensibilityGlobals) = postSolution
		SolutionGuid = {CFA4FAAC-CE61-49C4-B2BE-78C381627479}
	EndGlobalSection
EndGlobal
